// !$*UTF8*$!
{
	archiveVersion = 1;
	classes = {
	};
	objectVersion = 50;
	objects = {

/* Begin PBXBuildFile section */
		C165647F2250479200B7C237 /* ServerCell.swift in Sources */ = {isa = PBXBuildFile; fileRef = C165647E2250479200B7C237 /* ServerCell.swift */; };
		C165648222504B9800B7C237 /* Server.swift in Sources */ = {isa = PBXBuildFile; fileRef = C165648122504B9800B7C237 /* Server.swift */; };
		C16564852250550E00B7C237 /* ServersManager.swift in Sources */ = {isa = PBXBuildFile; fileRef = C16564842250550E00B7C237 /* ServersManager.swift */; };
		C165648722506ECE00B7C237 /* SectionHeader.xib in Resources */ = {isa = PBXBuildFile; fileRef = C165648622506ECE00B7C237 /* SectionHeader.xib */; };
		C16564892250700400B7C237 /* SectionHeader.swift in Sources */ = {isa = PBXBuildFile; fileRef = C16564882250700400B7C237 /* SectionHeader.swift */; };
		C165648B2250743B00B7C237 /* TableHeader.swift in Sources */ = {isa = PBXBuildFile; fileRef = C165648A2250743B00B7C237 /* TableHeader.swift */; };
		C165648D2250744E00B7C237 /* TableHeader.xib in Resources */ = {isa = PBXBuildFile; fileRef = C165648C2250744E00B7C237 /* TableHeader.xib */; };
		C165649022507B5000B7C237 /* UIColor.swift in Sources */ = {isa = PBXBuildFile; fileRef = C165648F22507B5000B7C237 /* UIColor.swift */; };
		C1656493225113DC00B7C237 /* EnvironmentManager.swift in Sources */ = {isa = PBXBuildFile; fileRef = C1656492225113DC00B7C237 /* EnvironmentManager.swift */; };
		C1886A70225040C2002ECA39 /* AppDelegate.swift in Sources */ = {isa = PBXBuildFile; fileRef = C1886A6F225040C2002ECA39 /* AppDelegate.swift */; };
		C1886A72225040C2002ECA39 /* ViewController.swift in Sources */ = {isa = PBXBuildFile; fileRef = C1886A71225040C2002ECA39 /* ViewController.swift */; };
		C1886A75225040C2002ECA39 /* Main.storyboard in Resources */ = {isa = PBXBuildFile; fileRef = C1886A73225040C2002ECA39 /* Main.storyboard */; };
		C1886A77225040C4002ECA39 /* Assets.xcassets in Resources */ = {isa = PBXBuildFile; fileRef = C1886A76225040C4002ECA39 /* Assets.xcassets */; };
		C1886A7A225040C4002ECA39 /* LaunchScreen.storyboard in Resources */ = {isa = PBXBuildFile; fileRef = C1886A78225040C4002ECA39 /* LaunchScreen.storyboard */; };
		C1886A822250427E002ECA39 /* ServerCell.xib in Resources */ = {isa = PBXBuildFile; fileRef = C1886A812250427E002ECA39 /* ServerCell.xib */; };
/* End PBXBuildFile section */

/* Begin PBXFileReference section */
		C165647E2250479200B7C237 /* ServerCell.swift */ = {isa = PBXFileReference; lastKnownFileType = sourcecode.swift; path = ServerCell.swift; sourceTree = "<group>"; };
		C165648122504B9800B7C237 /* Server.swift */ = {isa = PBXFileReference; lastKnownFileType = sourcecode.swift; path = Server.swift; sourceTree = "<group>"; };
		C16564842250550E00B7C237 /* ServersManager.swift */ = {isa = PBXFileReference; lastKnownFileType = sourcecode.swift; path = ServersManager.swift; sourceTree = "<group>"; };
		C165648622506ECE00B7C237 /* SectionHeader.xib */ = {isa = PBXFileReference; lastKnownFileType = file.xib; path = SectionHeader.xib; sourceTree = "<group>"; };
		C16564882250700400B7C237 /* SectionHeader.swift */ = {isa = PBXFileReference; lastKnownFileType = sourcecode.swift; path = SectionHeader.swift; sourceTree = "<group>"; };
		C165648A2250743B00B7C237 /* TableHeader.swift */ = {isa = PBXFileReference; lastKnownFileType = sourcecode.swift; path = TableHeader.swift; sourceTree = "<group>"; };
		C165648C2250744E00B7C237 /* TableHeader.xib */ = {isa = PBXFileReference; lastKnownFileType = file.xib; path = TableHeader.xib; sourceTree = "<group>"; };
		C165648F22507B5000B7C237 /* UIColor.swift */ = {isa = PBXFileReference; lastKnownFileType = sourcecode.swift; path = UIColor.swift; sourceTree = "<group>"; };
		C16564912251130A00B7C237 /* Development.xcconfig */ = {isa = PBXFileReference; lastKnownFileType = text.xcconfig; path = Development.xcconfig; sourceTree = "<group>"; };
		C1656492225113DC00B7C237 /* EnvironmentManager.swift */ = {isa = PBXFileReference; lastKnownFileType = sourcecode.swift; path = EnvironmentManager.swift; sourceTree = "<group>"; };
		C1886A6C225040C2002ECA39 /* TestProject.app */ = {isa = PBXFileReference; explicitFileType = wrapper.application; includeInIndex = 0; path = TestProject.app; sourceTree = BUILT_PRODUCTS_DIR; };
		C1886A6F225040C2002ECA39 /* AppDelegate.swift */ = {isa = PBXFileReference; lastKnownFileType = sourcecode.swift; path = AppDelegate.swift; sourceTree = "<group>"; };
		C1886A71225040C2002ECA39 /* ViewController.swift */ = {isa = PBXFileReference; lastKnownFileType = sourcecode.swift; path = ViewController.swift; sourceTree = "<group>"; };
		C1886A74225040C2002ECA39 /* Base */ = {isa = PBXFileReference; lastKnownFileType = file.storyboard; name = Base; path = Base.lproj/Main.storyboard; sourceTree = "<group>"; };
		C1886A76225040C4002ECA39 /* Assets.xcassets */ = {isa = PBXFileReference; lastKnownFileType = folder.assetcatalog; path = Assets.xcassets; sourceTree = "<group>"; };
		C1886A79225040C4002ECA39 /* Base */ = {isa = PBXFileReference; lastKnownFileType = file.storyboard; name = Base; path = Base.lproj/LaunchScreen.storyboard; sourceTree = "<group>"; };
		C1886A7B225040C4002ECA39 /* Development.plist */ = {isa = PBXFileReference; lastKnownFileType = text.plist.xml; path = Development.plist; sourceTree = "<group>"; };
		C1886A812250427E002ECA39 /* ServerCell.xib */ = {isa = PBXFileReference; lastKnownFileType = file.xib; path = ServerCell.xib; sourceTree = "<group>"; };
/* End PBXFileReference section */

/* Begin PBXFrameworksBuildPhase section */
		C1886A69225040C2002ECA39 /* Frameworks */ = {
			isa = PBXFrameworksBuildPhase;
			buildActionMask = 2147483647;
			files = (
			);
			runOnlyForDeploymentPostprocessing = 0;
		};
/* End PBXFrameworksBuildPhase section */

/* Begin PBXGroup section */
		C165648022504B8600B7C237 /* Model */ = {
			isa = PBXGroup;
			children = (
				C165648122504B9800B7C237 /* Server.swift */,
			);
			path = Model;
			sourceTree = "<group>";
		};
		C1656483225054FA00B7C237 /* Managers */ = {
			isa = PBXGroup;
			children = (
				C16564842250550E00B7C237 /* ServersManager.swift */,
				C1656492225113DC00B7C237 /* EnvironmentManager.swift */,
			);
			path = Managers;
			sourceTree = "<group>";
		};
		C165648E22507B3F00B7C237 /* Extensions */ = {
			isa = PBXGroup;
			children = (
				C165648F22507B5000B7C237 /* UIColor.swift */,
			);
			path = Extensions;
			sourceTree = "<group>";
		};
		C16564942251157200B7C237 /* Supporting Files */ = {
			isa = PBXGroup;
			children = (
				C1886A76225040C4002ECA39 /* Assets.xcassets */,
				C1886A7B225040C4002ECA39 /* Development.plist */,
				C16564912251130A00B7C237 /* Development.xcconfig */,
			);
			path = "Supporting Files";
			sourceTree = "<group>";
		};
		C1886A63225040C2002ECA39 = {
			isa = PBXGroup;
			children = (
				C1886A6E225040C2002ECA39 /* TestProject */,
				C1886A6D225040C2002ECA39 /* Products */,
			);
			sourceTree = "<group>";
		};
		C1886A6D225040C2002ECA39 /* Products */ = {
			isa = PBXGroup;
			children = (
				C1886A6C225040C2002ECA39 /* TestProject.app */,
			);
			name = Products;
			sourceTree = "<group>";
		};
		C1886A6E225040C2002ECA39 /* TestProject */ = {
			isa = PBXGroup;
			children = (
				C165648E22507B3F00B7C237 /* Extensions */,
				C1656483225054FA00B7C237 /* Managers */,
				C165648022504B8600B7C237 /* Model */,
				C16564942251157200B7C237 /* Supporting Files */,
				C1886A6F225040C2002ECA39 /* AppDelegate.swift */,
				C1886A71225040C2002ECA39 /* ViewController.swift */,
				C1886A73225040C2002ECA39 /* Main.storyboard */,
				C1886A78225040C4002ECA39 /* LaunchScreen.storyboard */,
				C165647E2250479200B7C237 /* ServerCell.swift */,
				C1886A812250427E002ECA39 /* ServerCell.xib */,
				C16564882250700400B7C237 /* SectionHeader.swift */,
				C165648622506ECE00B7C237 /* SectionHeader.xib */,
				C165648A2250743B00B7C237 /* TableHeader.swift */,
				C165648C2250744E00B7C237 /* TableHeader.xib */,
			);
			path = TestProject;
			sourceTree = "<group>";
		};
/* End PBXGroup section */

/* Begin PBXNativeTarget section */
		C1886A6B225040C2002ECA39 /* TestProject */ = {
			isa = PBXNativeTarget;
			buildConfigurationList = C1886A7E225040C4002ECA39 /* Build configuration list for PBXNativeTarget "TestProject" */;
			buildPhases = (
				C1886A68225040C2002ECA39 /* Sources */,
				C1886A69225040C2002ECA39 /* Frameworks */,
				C1886A6A225040C2002ECA39 /* Resources */,
			);
			buildRules = (
			);
			dependencies = (
			);
			name = TestProject;
			productName = TestProject;
			productReference = C1886A6C225040C2002ECA39 /* TestProject.app */;
			productType = "com.apple.product-type.application";
		};
/* End PBXNativeTarget section */

/* Begin PBXProject section */
		C1886A64225040C2002ECA39 /* Project object */ = {
			isa = PBXProject;
			attributes = {
				LastSwiftUpdateCheck = 1020;
				LastUpgradeCheck = 1020;
				ORGANIZATIONNAME = "Shahla Almasri Hafez";
				TargetAttributes = {
					C1886A6B225040C2002ECA39 = {
						CreatedOnToolsVersion = 10.2;
					};
				};
			};
			buildConfigurationList = C1886A67225040C2002ECA39 /* Build configuration list for PBXProject "TestProject" */;
			compatibilityVersion = "Xcode 9.3";
			developmentRegion = en;
			hasScannedForEncodings = 0;
			knownRegions = (
				en,
				Base,
			);
			mainGroup = C1886A63225040C2002ECA39;
			productRefGroup = C1886A6D225040C2002ECA39 /* Products */;
			projectDirPath = "";
			projectRoot = "";
			targets = (
				C1886A6B225040C2002ECA39 /* TestProject */,
			);
		};
/* End PBXProject section */

/* Begin PBXResourcesBuildPhase section */
		C1886A6A225040C2002ECA39 /* Resources */ = {
			isa = PBXResourcesBuildPhase;
			buildActionMask = 2147483647;
			files = (
				C1886A7A225040C4002ECA39 /* LaunchScreen.storyboard in Resources */,
				C1886A77225040C4002ECA39 /* Assets.xcassets in Resources */,
				C165648722506ECE00B7C237 /* SectionHeader.xib in Resources */,
				C1886A822250427E002ECA39 /* ServerCell.xib in Resources */,
				C1886A75225040C2002ECA39 /* Main.storyboard in Resources */,
				C165648D2250744E00B7C237 /* TableHeader.xib in Resources */,
			);
			runOnlyForDeploymentPostprocessing = 0;
		};
/* End PBXResourcesBuildPhase section */

/* Begin PBXSourcesBuildPhase section */
		C1886A68225040C2002ECA39 /* Sources */ = {
			isa = PBXSourcesBuildPhase;
			buildActionMask = 2147483647;
			files = (
				C1886A72225040C2002ECA39 /* ViewController.swift in Sources */,
				C16564852250550E00B7C237 /* ServersManager.swift in Sources */,
				C165648B2250743B00B7C237 /* TableHeader.swift in Sources */,
				C16564892250700400B7C237 /* SectionHeader.swift in Sources */,
				C1656493225113DC00B7C237 /* EnvironmentManager.swift in Sources */,
				C165647F2250479200B7C237 /* ServerCell.swift in Sources */,
				C165649022507B5000B7C237 /* UIColor.swift in Sources */,
				C165648222504B9800B7C237 /* Server.swift in Sources */,
				C1886A70225040C2002ECA39 /* AppDelegate.swift in Sources */,
			);
			runOnlyForDeploymentPostprocessing = 0;
		};
/* End PBXSourcesBuildPhase section */

/* Begin PBXVariantGroup section */
		C1886A73225040C2002ECA39 /* Main.storyboard */ = {
			isa = PBXVariantGroup;
			children = (
				C1886A74225040C2002ECA39 /* Base */,
			);
			name = Main.storyboard;
			sourceTree = "<group>";
		};
		C1886A78225040C4002ECA39 /* LaunchScreen.storyboard */ = {
			isa = PBXVariantGroup;
			children = (
				C1886A79225040C4002ECA39 /* Base */,
			);
			name = LaunchScreen.storyboard;
			sourceTree = "<group>";
		};
/* End PBXVariantGroup section */

/* Begin XCBuildConfiguration section */
		C1886A7C225040C4002ECA39 /* Debug (Development) */ = {
			isa = XCBuildConfiguration;
			baseConfigurationReference = C16564912251130A00B7C237 /* Development.xcconfig */;
			buildSettings = {
				ALWAYS_SEARCH_USER_PATHS = NO;
				CLANG_ANALYZER_NONNULL = YES;
				CLANG_ANALYZER_NUMBER_OBJECT_CONVERSION = YES_AGGRESSIVE;
				CLANG_CXX_LANGUAGE_STANDARD = "gnu++14";
				CLANG_CXX_LIBRARY = "libc++";
				CLANG_ENABLE_MODULES = YES;
				CLANG_ENABLE_OBJC_ARC = YES;
				CLANG_ENABLE_OBJC_WEAK = YES;
				CLANG_WARN_BLOCK_CAPTURE_AUTORELEASING = YES;
				CLANG_WARN_BOOL_CONVERSION = YES;
				CLANG_WARN_COMMA = YES;
				CLANG_WARN_CONSTANT_CONVERSION = YES;
				CLANG_WARN_DEPRECATED_OBJC_IMPLEMENTATIONS = YES;
				CLANG_WARN_DIRECT_OBJC_ISA_USAGE = YES_ERROR;
				CLANG_WARN_DOCUMENTATION_COMMENTS = YES;
				CLANG_WARN_EMPTY_BODY = YES;
				CLANG_WARN_ENUM_CONVERSION = YES;
				CLANG_WARN_INFINITE_RECURSION = YES;
				CLANG_WARN_INT_CONVERSION = YES;
				CLANG_WARN_NON_LITERAL_NULL_CONVERSION = YES;
				CLANG_WARN_OBJC_IMPLICIT_RETAIN_SELF = YES;
				CLANG_WARN_OBJC_LITERAL_CONVERSION = YES;
				CLANG_WARN_OBJC_ROOT_CLASS = YES_ERROR;
				CLANG_WARN_RANGE_LOOP_ANALYSIS = YES;
				CLANG_WARN_STRICT_PROTOTYPES = YES;
				CLANG_WARN_SUSPICIOUS_MOVE = YES;
				CLANG_WARN_UNGUARDED_AVAILABILITY = YES_AGGRESSIVE;
				CLANG_WARN_UNREACHABLE_CODE = YES;
				CLANG_WARN__DUPLICATE_METHOD_MATCH = YES;
				CODE_SIGN_IDENTITY = "iPhone Developer";
				COPY_PHASE_STRIP = NO;
				DEBUG_INFORMATION_FORMAT = dwarf;
				ENABLE_STRICT_OBJC_MSGSEND = YES;
				ENABLE_TESTABILITY = YES;
				GCC_C_LANGUAGE_STANDARD = gnu11;
				GCC_DYNAMIC_NO_PIC = NO;
				GCC_NO_COMMON_BLOCKS = YES;
				GCC_OPTIMIZATION_LEVEL = 0;
				GCC_PREPROCESSOR_DEFINITIONS = (
					"DEBUG=1",
					"$(inherited)",
				);
				GCC_WARN_64_TO_32_BIT_CONVERSION = YES;
				GCC_WARN_ABOUT_RETURN_TYPE = YES_ERROR;
				GCC_WARN_UNDECLARED_SELECTOR = YES;
				GCC_WARN_UNINITIALIZED_AUTOS = YES_AGGRESSIVE;
				GCC_WARN_UNUSED_FUNCTION = YES;
				GCC_WARN_UNUSED_VARIABLE = YES;
				IPHONEOS_DEPLOYMENT_TARGET = 12.2;
				MTL_ENABLE_DEBUG_INFO = INCLUDE_SOURCE;
				MTL_FAST_MATH = YES;
				ONLY_ACTIVE_ARCH = YES;
				SDKROOT = iphoneos;
				SWIFT_ACTIVE_COMPILATION_CONDITIONS = DEBUG;
				SWIFT_OPTIMIZATION_LEVEL = "-Onone";
				TARGETED_DEVICE_FAMILY = 2;
			};
			name = "Debug (Development)";
		};
		C1886A7D225040C4002ECA39 /* Release (Development) */ = {
			isa = XCBuildConfiguration;
			buildSettings = {
				ALWAYS_SEARCH_USER_PATHS = NO;
				CLANG_ANALYZER_NONNULL = YES;
				CLANG_ANALYZER_NUMBER_OBJECT_CONVERSION = YES_AGGRESSIVE;
				CLANG_CXX_LANGUAGE_STANDARD = "gnu++14";
				CLANG_CXX_LIBRARY = "libc++";
				CLANG_ENABLE_MODULES = YES;
				CLANG_ENABLE_OBJC_ARC = YES;
				CLANG_ENABLE_OBJC_WEAK = YES;
				CLANG_WARN_BLOCK_CAPTURE_AUTORELEASING = YES;
				CLANG_WARN_BOOL_CONVERSION = YES;
				CLANG_WARN_COMMA = YES;
				CLANG_WARN_CONSTANT_CONVERSION = YES;
				CLANG_WARN_DEPRECATED_OBJC_IMPLEMENTATIONS = YES;
				CLANG_WARN_DIRECT_OBJC_ISA_USAGE = YES_ERROR;
				CLANG_WARN_DOCUMENTATION_COMMENTS = YES;
				CLANG_WARN_EMPTY_BODY = YES;
				CLANG_WARN_ENUM_CONVERSION = YES;
				CLANG_WARN_INFINITE_RECURSION = YES;
				CLANG_WARN_INT_CONVERSION = YES;
				CLANG_WARN_NON_LITERAL_NULL_CONVERSION = YES;
				CLANG_WARN_OBJC_IMPLICIT_RETAIN_SELF = YES;
				CLANG_WARN_OBJC_LITERAL_CONVERSION = YES;
				CLANG_WARN_OBJC_ROOT_CLASS = YES_ERROR;
				CLANG_WARN_RANGE_LOOP_ANALYSIS = YES;
				CLANG_WARN_STRICT_PROTOTYPES = YES;
				CLANG_WARN_SUSPICIOUS_MOVE = YES;
				CLANG_WARN_UNGUARDED_AVAILABILITY = YES_AGGRESSIVE;
				CLANG_WARN_UNREACHABLE_CODE = YES;
				CLANG_WARN__DUPLICATE_METHOD_MATCH = YES;
				CODE_SIGN_IDENTITY = "iPhone Developer";
				COPY_PHASE_STRIP = NO;
				DEBUG_INFORMATION_FORMAT = "dwarf-with-dsym";
				ENABLE_NS_ASSERTIONS = NO;
				ENABLE_STRICT_OBJC_MSGSEND = YES;
				GCC_C_LANGUAGE_STANDARD = gnu11;
				GCC_NO_COMMON_BLOCKS = YES;
				GCC_WARN_64_TO_32_BIT_CONVERSION = YES;
				GCC_WARN_ABOUT_RETURN_TYPE = YES_ERROR;
				GCC_WARN_UNDECLARED_SELECTOR = YES;
				GCC_WARN_UNINITIALIZED_AUTOS = YES_AGGRESSIVE;
				GCC_WARN_UNUSED_FUNCTION = YES;
				GCC_WARN_UNUSED_VARIABLE = YES;
				IPHONEOS_DEPLOYMENT_TARGET = 12.2;
				MTL_ENABLE_DEBUG_INFO = NO;
				MTL_FAST_MATH = YES;
				SDKROOT = iphoneos;
				SWIFT_COMPILATION_MODE = wholemodule;
				SWIFT_OPTIMIZATION_LEVEL = "-O";
				TARGETED_DEVICE_FAMILY = 2;
				VALIDATE_PRODUCT = YES;
			};
			name = "Release (Development)";
		};
		C1886A7F225040C4002ECA39 /* Debug (Development) */ = {
			isa = XCBuildConfiguration;
			baseConfigurationReference = C16564912251130A00B7C237 /* Development.xcconfig */;
			buildSettings = {
				ASSETCATALOG_COMPILER_APPICON_NAME = AppIcon;
				CODE_SIGN_STYLE = Automatic;
				DEVELOPMENT_TEAM = TV8GCYYTD3;
				INFOPLIST_FILE = "TestProject/Supporting Files/Development.plist";
				LD_RUNPATH_SEARCH_PATHS = (
					"$(inherited)",
					"@executable_path/Frameworks",
				);
				PRODUCT_BUNDLE_IDENTIFIER = com.rzsolutionsinc.TestProject;
				PRODUCT_NAME = "$(TARGET_NAME)";
				SWIFT_VERSION = 5.0;
				TARGETED_DEVICE_FAMILY = 2;
			};
			name = "Debug (Development)";
		};
		C1886A80225040C4002ECA39 /* Release (Development) */ = {
			isa = XCBuildConfiguration;
			buildSettings = {
				ASSETCATALOG_COMPILER_APPICON_NAME = AppIcon;
				CODE_SIGN_STYLE = Automatic;
				DEVELOPMENT_TEAM = TV8GCYYTD3;
				INFOPLIST_FILE = "TestProject/Supporting Files/Development.plist";
				LD_RUNPATH_SEARCH_PATHS = (
					"$(inherited)",
					"@executable_path/Frameworks",
				);
				PRODUCT_BUNDLE_IDENTIFIER = com.rzsolutionsinc.TestProject;
				PRODUCT_NAME = "$(TARGET_NAME)";
				SWIFT_VERSION = 5.0;
				TARGETED_DEVICE_FAMILY = 2;
			};
			name = "Release (Development)";
		};
/* End XCBuildConfiguration section */

/* Begin XCConfigurationList section */
		C1886A67225040C2002ECA39 /* Build configuration list for PBXProject "TestProject" */ = {
			isa = XCConfigurationList;
			buildConfigurations = (
				C1886A7C225040C4002ECA39 /* Debug (Development) */,
				C1886A7D225040C4002ECA39 /* Release (Development) */,
			);
			defaultConfigurationIsVisible = 0;
			defaultConfigurationName = "Debug (Development)";
		};
		C1886A7E225040C4002ECA39 /* Build configuration list for PBXNativeTarget "TestProject" */ = {
			isa = XCConfigurationList;
			buildConfigurations = (
				C1886A7F225040C4002ECA39 /* Debug (Development) */,
				C1886A80225040C4002ECA39 /* Release (Development) */,
			);
			defaultConfigurationIsVisible = 0;
			defaultConfigurationName = "Debug (Development)";
		};
/* End XCConfigurationList section */
	};
	rootObject = C1886A64225040C2002ECA39 /* Project object */;
}
